<?xml version="1.0" encoding="utf-8"?>
<Project ToolsVersion="4.0" xmlns="http://schemas.microsoft.com/developer/msbuild/2003">
  <ItemGroup>
    <Filter Include="Source Files">
      <UniqueIdentifier>{4FC737F1-C7A5-4376-A066-2A32D752A2FF}</UniqueIdentifier>
      <Extensions>cpp;c;cc;cxx;def;odl;idl;hpj;bat;asm;asmx</Extensions>
    </Filter>
    <Filter Include="Header Files">
      <UniqueIdentifier>{93995380-89BD-4b04-88EB-625FBE52EBFB}</UniqueIdentifier>
      <Extensions>h;hpp;hxx;hm;inl;inc;xsd</Extensions>
    </Filter>
    <Filter Include="Resource Files">
      <UniqueIdentifier>{67DA6AB6-F800-4c08-8B7A-83BB121AAD01}</UniqueIdentifier>
      <Extensions>rc;ico;cur;bmp;dlg;rc2;rct;bin;rgs;gif;jpg;jpeg;jpe;resx;tiff;tif;png;wav;mfcribbon-ms</Extensions>
    </Filter>
    <Filter Include="Source Files\PracticeCode">
      <UniqueIdentifier>{c7d77e6d-6373-4b55-a056-79d26813b5fc}</UniqueIdentifier>
    </Filter>
    <Filter Include="Source Files\Utils">
      <UniqueIdentifier>{7a32a2ee-e5bc-486e-acf1-bf64cd74397d}</UniqueIdentifier>
    </Filter>
    <Filter Include="Source Files\3rdParty">
      <UniqueIdentifier>{941316cb-b645-4729-8b94-cbf8c5e85122}</UniqueIdentifier>
    </Filter>
  </ItemGroup>
  <ItemGroup>
    <ClCompile Include="..\..\gl-practice\main.cpp">
      <Filter>Source Files</Filter>
    </ClCompile>
    <ClCompile Include="..\..\gl-practice\Utils\Shader.cpp">
      <Filter>Source Files\Utils</Filter>
    </ClCompile>
    <ClCompile Include="..\..\gl-practice\PracticeCode\SimpleShader.cpp">
      <Filter>Source Files\PracticeCode</Filter>
    </ClCompile>
    <ClCompile Include="..\..\gl-practice\Utils\GLMethod.cpp">
      <Filter>Source Files\Utils</Filter>
    </ClCompile>
    <ClCompile Include="..\..\gl-practice\PracticeCode\HelloTriangle.cpp">
      <Filter>Source Files\PracticeCode</Filter>
    </ClCompile>
    <ClCompile Include="..\..\gl-practice\PracticeCode\SimpleTexture.cpp">
      <Filter>Source Files\PracticeCode</Filter>
    </ClCompile>
  </ItemGroup>
  <ItemGroup>
    <ClInclude Include="..\..\gl-practice\Utils\Shader.h">
      <Filter>Source Files\Utils</Filter>
    </ClInclude>
    <ClInclude Include="..\..\gl-practice\PracticeCode\SimpleShader.h">
      <Filter>Source Files\PracticeCode</Filter>
    </ClInclude>
    <ClInclude Include="..\..\gl-practice\Utils\GLMethod.h">
      <Filter>Source Files\Utils</Filter>
    </ClInclude>
    <ClInclude Include="..\..\gl-practice\PracticeCode\HelloTriangle.h">
      <Filter>Source Files\PracticeCode</Filter>
    </ClInclude>
    <ClInclude Include="..\..\gl-practice\PracticeCode\SimpleTexture.h">
      <Filter>Source Files\PracticeCode</Filter>
    </ClInclude>
    <ClInclude Include="..\..\gl-practice\3rdParty\stb_image.h">
      <Filter>Source Files\3rdParty</Filter>
    </ClInclude>
  </ItemGroup>
</Project>